PODS:
  - AdaptationKit (0.1.1)
  - Nimble (8.0.1)
  - Quick (2.0.0)

DEPENDENCIES:
  - AdaptationKit (from `../`)
  - Nimble
  - Quick

SPEC REPOS:
  https://github.com/cocoapods/specs.git:
    - Nimble
    - Quick

EXTERNAL SOURCES:
  AdaptationKit:
    :path: "../"

SPEC CHECKSUMS:
  AdaptationKit: af5db10bccb1e032a5261e049aa30f11f5c11bf0
  Nimble: 45f786ae66faa9a709624227fae502db55a8bdd0
  Quick: ce1276c7c27ba2da3cb2fd0cde053c3648b3b22d

PODFILE CHECKSUM: 3d1dab3ef08bacf588d7ac6bc918142e35e3f4a1

COCOAPODS: 1.5.3
